
Microsoft Visual Studio Solution File, Format Version 12.00
# Visual Studio 2012
Project("{FAE04EC0-301F-11D3-BF4B-00C04F79EFBC}") = "LANSupervisorClient", "LANSupervisorClient\LANSupervisorClient.csproj", "{A9D963C4-C1D0-4CD6-B331-DBCD9B13484C}"
EndProject
Global
	GlobalSection(SolutionConfigurationPlatforms) = preSolution
		Debug|Any CPU = Debug|Any CPU
		Release|Any CPU = Release|Any CPU
	EndGlobalSection
	GlobalSection(ProjectConfigurationPlatforms) = postSolution
		{A9D963C4-C1D0-4CD6-B331-DBCD9B13484C}.Debug|Any CPU.ActiveCfg = Debug|Any CPU
		{A9D963C4-C1D0-4CD6-B331-DBCD9B13484C}.Debug|Any CPU.Build.0 = Debug|Any CPU
		{A9D963C4-C1D0-4CD6-B331-DBCD9B13484C}.Release|Any CPU.ActiveCfg = Release|Any CPU
		{A9D963C4-C1D0-4CD6-B331-DBCD9B13484C}.Release|Any CPU.Build.0 = Release|Any CPU
	EndGlobalSection
	GlobalSection(SolutionProperties) = preSolution
		HideSolutionNode = FALSE
	EndGlobalSection
EndGlobal
